// !$*UTF8*$!
{
	archiveVersion = 1;
	classes = {
	};
	objectVersion = 46;
	objects = {

/* Begin PBXBuildFile section */
		5DB7C8261A114FE60073184B /* AppDelegate.swift in Sources */ = {isa = PBXBuildFile; fileRef = 5DB7C8251A114FE60073184B /* AppDelegate.swift */; };
		5DB7C82B1A114FE60073184B /* Main.storyboard in Resources */ = {isa = PBXBuildFile; fileRef = 5DB7C8291A114FE60073184B /* Main.storyboard */; };
		5DB7C82D1A114FE60073184B /* Images.xcassets in Resources */ = {isa = PBXBuildFile; fileRef = 5DB7C82C1A114FE60073184B /* Images.xcassets */; };
		5DB7C8301A114FE60073184B /* LaunchScreen.xib in Resources */ = {isa = PBXBuildFile; fileRef = 5DB7C82E1A114FE60073184B /* LaunchScreen.xib */; };
		5DB7C84F1A1150730073184B /* Glue.framework in Copy Frameworks */ = {isa = PBXBuildFile; fileRef = 5DB7C84B1A11503E0073184B /* Glue.framework */; settings = {ATTRIBUTES = (CodeSignOnCopy, RemoveHeadersOnCopy, ); }; };
		5DB7C8521A1150C10073184B /* Glue.framework in Frameworks */ = {isa = PBXBuildFile; fileRef = 5DB7C84B1A11503E0073184B /* Glue.framework */; };
		5DB7C8551A1152580073184B /* Featured.storyboard in Resources */ = {isa = PBXBuildFile; fileRef = 5DB7C8531A1152580073184B /* Featured.storyboard */; };
		5DB7C8561A1152580073184B /* Infinity.storyboard in Resources */ = {isa = PBXBuildFile; fileRef = 5DB7C8541A1152580073184B /* Infinity.storyboard */; };
/* End PBXBuildFile section */

/* Begin PBXContainerItemProxy section */
		5DB7C84A1A11503E0073184B /* PBXContainerItemProxy */ = {
			isa = PBXContainerItemProxy;
			containerPortal = 5DB7C8451A11503E0073184B /* Glue.xcodeproj */;
			proxyType = 2;
			remoteGlobalIDString = 5DB7C7E81A114C020073184B;
			remoteInfo = Glue;
		};
		5DB7C84C1A11503E0073184B /* PBXContainerItemProxy */ = {
			isa = PBXContainerItemProxy;
			containerPortal = 5DB7C8451A11503E0073184B /* Glue.xcodeproj */;
			proxyType = 2;
			remoteGlobalIDString = 5DB7C7F31A114C030073184B;
			remoteInfo = GlueTests;
		};
		5DB7C8501A1150AF0073184B /* PBXContainerItemProxy */ = {
			isa = PBXContainerItemProxy;
			containerPortal = 5DB7C8451A11503E0073184B /* Glue.xcodeproj */;
			proxyType = 1;
			remoteGlobalIDString = 5DB7C7E71A114C020073184B;
			remoteInfo = Glue;
		};
/* End PBXContainerItemProxy section */

/* Begin PBXCopyFilesBuildPhase section */
		5DB7C84E1A1150610073184B /* Copy Frameworks */ = {
			isa = PBXCopyFilesBuildPhase;
			buildActionMask = 2147483647;
			dstPath = "";
			dstSubfolderSpec = 10;
			files = (
				5DB7C84F1A1150730073184B /* Glue.framework in Copy Frameworks */,
			);
			name = "Copy Frameworks";
			runOnlyForDeploymentPostprocessing = 0;
		};
/* End PBXCopyFilesBuildPhase section */

/* Begin PBXFileReference section */
		5DB7C8201A114FE60073184B /* Example.app */ = {isa = PBXFileReference; explicitFileType = wrapper.application; includeInIndex = 0; path = Example.app; sourceTree = BUILT_PRODUCTS_DIR; };
		5DB7C8241A114FE60073184B /* Info.plist */ = {isa = PBXFileReference; lastKnownFileType = text.plist.xml; path = Info.plist; sourceTree = "<group>"; };
		5DB7C8251A114FE60073184B /* AppDelegate.swift */ = {isa = PBXFileReference; lastKnownFileType = sourcecode.swift; path = AppDelegate.swift; sourceTree = "<group>"; };
		5DB7C82A1A114FE60073184B /* Base */ = {isa = PBXFileReference; lastKnownFileType = file.storyboard; name = Base; path = Base.lproj/Main.storyboard; sourceTree = "<group>"; };
		5DB7C82C1A114FE60073184B /* Images.xcassets */ = {isa = PBXFileReference; lastKnownFileType = folder.assetcatalog; path = Images.xcassets; sourceTree = "<group>"; };
		5DB7C82F1A114FE60073184B /* Base */ = {isa = PBXFileReference; lastKnownFileType = file.xib; name = Base; path = Base.lproj/LaunchScreen.xib; sourceTree = "<group>"; };
		5DB7C8451A11503E0073184B /* Glue.xcodeproj */ = {isa = PBXFileReference; lastKnownFileType = "wrapper.pb-project"; path = Glue.xcodeproj; sourceTree = "<group>"; };
		5DB7C8531A1152580073184B /* Featured.storyboard */ = {isa = PBXFileReference; fileEncoding = 4; lastKnownFileType = file.storyboard; path = Featured.storyboard; sourceTree = "<group>"; };
		5DB7C8541A1152580073184B /* Infinity.storyboard */ = {isa = PBXFileReference; fileEncoding = 4; lastKnownFileType = file.storyboard; path = Infinity.storyboard; sourceTree = "<group>"; };
/* End PBXFileReference section */

/* Begin PBXFrameworksBuildPhase section */
		5DB7C81D1A114FE60073184B /* Frameworks */ = {
			isa = PBXFrameworksBuildPhase;
			buildActionMask = 2147483647;
			files = (
				5DB7C8521A1150C10073184B /* Glue.framework in Frameworks */,
			);
			runOnlyForDeploymentPostprocessing = 0;
		};
/* End PBXFrameworksBuildPhase section */

/* Begin PBXGroup section */
		5DB7C8171A114FE60073184B = {
			isa = PBXGroup;
			children = (
				5DB7C8221A114FE60073184B /* Example */,
				5DB7C8211A114FE60073184B /* Products */,
				5DB7C8451A11503E0073184B /* Glue.xcodeproj */,
			);
			sourceTree = "<group>";
		};
		5DB7C8211A114FE60073184B /* Products */ = {
			isa = PBXGroup;
			children = (
				5DB7C8201A114FE60073184B /* Example.app */,
			);
			name = Products;
			sourceTree = "<group>";
		};
		5DB7C8221A114FE60073184B /* Example */ = {
			isa = PBXGroup;
			children = (
				5DB7C8251A114FE60073184B /* AppDelegate.swift */,
				5DB7C8291A114FE60073184B /* Main.storyboard */,
				5DB7C8531A1152580073184B /* Featured.storyboard */,
				5DB7C8541A1152580073184B /* Infinity.storyboard */,
				5DB7C82C1A114FE60073184B /* Images.xcassets */,
				5DB7C82E1A114FE60073184B /* LaunchScreen.xib */,
				5DB7C8231A114FE60073184B /* Supporting Files */,
			);
			path = Example;
			sourceTree = "<group>";
		};
		5DB7C8231A114FE60073184B /* Supporting Files */ = {
			isa = PBXGroup;
			children = (
				5DB7C8241A114FE60073184B /* Info.plist */,
			);
			name = "Supporting Files";
			sourceTree = "<group>";
		};
		5DB7C8461A11503E0073184B /* Products */ = {
			isa = PBXGroup;
			children = (
				5DB7C84B1A11503E0073184B /* Glue.framework */,
				5DB7C84D1A11503E0073184B /* GlueTests.xctest */,
			);
			name = Products;
			sourceTree = "<group>";
		};
/* End PBXGroup section */

/* Begin PBXNativeTarget section */
		5DB7C81F1A114FE60073184B /* Example */ = {
			isa = PBXNativeTarget;
			buildConfigurationList = 5DB7C83F1A114FE60073184B /* Build configuration list for PBXNativeTarget "Example" */;
			buildPhases = (
				5DB7C81C1A114FE60073184B /* Sources */,
				5DB7C81D1A114FE60073184B /* Frameworks */,
				5DB7C81E1A114FE60073184B /* Resources */,
				5DB7C84E1A1150610073184B /* Copy Frameworks */,
			);
			buildRules = (
			);
			dependencies = (
				5DB7C8511A1150AF0073184B /* PBXTargetDependency */,
			);
			name = Example;
			productName = Example;
			productReference = 5DB7C8201A114FE60073184B /* Example.app */;
			productType = "com.apple.product-type.application";
		};
/* End PBXNativeTarget section */

/* Begin PBXProject section */
		5DB7C8181A114FE60073184B /* Project object */ = {
			isa = PBXProject;
			attributes = {
				LastUpgradeCheck = 0610;
				ORGANIZATIONNAME = "Dominique d'Argent";
				TargetAttributes = {
					5DB7C81F1A114FE60073184B = {
						CreatedOnToolsVersion = 6.1;
					};
				};
			};
			buildConfigurationList = 5DB7C81B1A114FE60073184B /* Build configuration list for PBXProject "Example" */;
			compatibilityVersion = "Xcode 3.2";
			developmentRegion = English;
			hasScannedForEncodings = 0;
			knownRegions = (
				en,
				Base,
			);
			mainGroup = 5DB7C8171A114FE60073184B;
			productRefGroup = 5DB7C8211A114FE60073184B /* Products */;
			projectDirPath = "";
			projectReferences = (
				{
					ProductGroup = 5DB7C8461A11503E0073184B /* Products */;
					ProjectRef = 5DB7C8451A11503E0073184B /* Glue.xcodeproj */;
				},
			);
			projectRoot = "";
			targets = (
				5DB7C81F1A114FE60073184B /* Example */,
			);
		};
/* End PBXProject section */

/* Begin PBXReferenceProxy section */
		5DB7C84B1A11503E0073184B /* Glue.framework */ = {
			isa = PBXReferenceProxy;
			fileType = wrapper.framework;
			path = Glue.framework;
			remoteRef = 5DB7C84A1A11503E0073184B /* PBXContainerItemProxy */;
			sourceTree = BUILT_PRODUCTS_DIR;
		};
		5DB7C84D1A11503E0073184B /* GlueTests.xctest */ = {
			isa = PBXReferenceProxy;
			fileType = wrapper.cfbundle;
			path = GlueTests.xctest;
			remoteRef = 5DB7C84C1A11503E0073184B /* PBXContainerItemProxy */;
			sourceTree = BUILT_PRODUCTS_DIR;
		};
/* End PBXReferenceProxy section */

/* Begin PBXResourcesBuildPhase section */
		5DB7C81E1A114FE60073184B /* Resources */ = {
			isa = PBXResourcesBuildPhase;
			buildActionMask = 2147483647;
			files = (
				5DB7C82B1A114FE60073184B /* Main.storyboard in Resources */,
				5DB7C8301A114FE60073184B /* LaunchScreen.xib in Resources */,
				5DB7C8551A1152580073184B /* Featured.storyboard in Resources */,
				5DB7C8561A1152580073184B /* Infinity.storyboard in Resources */,
				5DB7C82D1A114FE60073184B /* Images.xcassets in Resources */,
			);
			runOnlyForDeploymentPostprocessing = 0;
		};
/* End PBXResourcesBuildPhase section */

/* Begin PBXSourcesBuildPhase section */
		5DB7C81C1A114FE60073184B /* Sources */ = {
			isa = PBXSourcesBuildPhase;
			buildActionMask = 2147483647;
			files = (
				5DB7C8261A114FE60073184B /* AppDelegate.swift in Sources */,
			);
			runOnlyForDeploymentPostprocessing = 0;
		};
/* End PBXSourcesBuildPhase section */

/* Begin PBXTargetDependency section */
		5DB7C8511A1150AF0073184B /* PBXTargetDependency */ = {
			isa = PBXTargetDependency;
			name = Glue;
			targetProxy = 5DB7C8501A1150AF0073184B /* PBXContainerItemProxy */;
		};
/* End PBXTargetDependency section */

/* Begin PBXVariantGroup section */
		5DB7C8291A114FE60073184B /* Main.storyboard */ = {
			isa = PBXVariantGroup;
			children = (
				5DB7C82A1A114FE60073184B /* Base */,
			);
			name = Main.storyboard;
			sourceTree = "<group>";
		};
		5DB7C82E1A114FE60073184B /* LaunchScreen.xib */ = {
			isa = PBXVariantGroup;
			children = (
				5DB7C82F1A114FE60073184B /* Base */,
			);
			name = LaunchScreen.xib;
			sourceTree = "<group>";
		};
/* End PBXVariantGroup section */

/* Begin XCBuildConfiguration section */
		5DB7C83D1A114FE60073184B /* Debug */ = {
			isa = XCBuildConfiguration;
			buildSettings = {
				ALWAYS_SEARCH_USER_PATHS = NO;
				CLANG_CXX_LANGUAGE_STANDARD = "gnu++0x";
				CLANG_CXX_LIBRARY = "libc++";
				CLANG_ENABLE_MODULES = YES;
				CLANG_ENABLE_OBJC_ARC = YES;
				CLANG_WARN_BOOL_CONVERSION = YES;
				CLANG_WARN_CONSTANT_CONVERSION = YES;
				CLANG_WARN_DIRECT_OBJC_ISA_USAGE = YES_ERROR;
				CLANG_WARN_EMPTY_BODY = YES;
				CLANG_WARN_ENUM_CONVERSION = YES;
				CLANG_WARN_INT_CONVERSION = YES;
				CLANG_WARN_OBJC_ROOT_CLASS = YES_ERROR;
				CLANG_WARN_UNREACHABLE_CODE = YES;
				CLANG_WARN__DUPLICATE_METHOD_MATCH = YES;
				"CODE_SIGN_IDENTITY[sdk=iphoneos*]" = "iPhone Developer";
				COPY_PHASE_STRIP = NO;
				ENABLE_STRICT_OBJC_MSGSEND = YES;
				GCC_C_LANGUAGE_STANDARD = gnu99;
				GCC_DYNAMIC_NO_PIC = NO;
				GCC_OPTIMIZATION_LEVEL = 0;
				GCC_PREPROCESSOR_DEFINITIONS = (
					"DEBUG=1",
					"$(inherited)",
				);
				GCC_SYMBOLS_PRIVATE_EXTERN = NO;
				GCC_WARN_64_TO_32_BIT_CONVERSION = YES;
				GCC_WARN_ABOUT_RETURN_TYPE = YES_ERROR;
				GCC_WARN_UNDECLARED_SELECTOR = YES;
				GCC_WARN_UNINITIALIZED_AUTOS = YES_AGGRESSIVE;
				GCC_WARN_UNUSED_FUNCTION = YES;
				GCC_WARN_UNUSED_VARIABLE = YES;
				IPHONEOS_DEPLOYMENT_TARGET = 8.1;
				MTL_ENABLE_DEBUG_INFO = YES;
				ONLY_ACTIVE_ARCH = YES;
				SDKROOT = iphoneos;
				SWIFT_OPTIMIZATION_LEVEL = "-Onone";
				TARGETED_DEVICE_FAMILY = "1,2";
			};
			name = Debug;
		};
		5DB7C83E1A114FE60073184B /* Release */ = {
			isa = XCBuildConfiguration;
			buildSettings = {
				ALWAYS_SEARCH_USER_PATHS = NO;
				CLANG_CXX_LANGUAGE_STANDARD = "gnu++0x";
				CLANG_CXX_LIBRARY = "libc++";
				CLANG_ENABLE_MODULES = YES;
				CLANG_ENABLE_OBJC_ARC = YES;
				CLANG_WARN_BOOL_CONVERSION = YES;
				CLANG_WARN_CONSTANT_CONVERSION = YES;
				CLANG_WARN_DIRECT_OBJC_ISA_USAGE = YES_ERROR;
				CLANG_WARN_EMPTY_BODY = YES;
				CLANG_WARN_ENUM_CONVERSION = YES;
				CLANG_WARN_INT_CONVERSION = YES;
				CLANG_WARN_OBJC_ROOT_CLASS = YES_ERROR;
				CLANG_WARN_UNREACHABLE_CODE = YES;
				CLANG_WARN__DUPLICATE_METHOD_MATCH = YES;
				"CODE_SIGN_IDENTITY[sdk=iphoneos*]" = "iPhone Developer";
				COPY_PHASE_STRIP = YES;
				ENABLE_NS_ASSERTIONS = NO;
				ENABLE_STRICT_OBJC_MSGSEND = YES;
				GCC_C_LANGUAGE_STANDARD = gnu99;
				GCC_WARN_64_TO_32_BIT_CONVERSION = YES;
				GCC_WARN_ABOUT_RETURN_TYPE = YES_ERROR;
				GCC_WARN_UNDECLARED_SELECTOR = YES;
				GCC_WARN_UNINITIALIZED_AUTOS = YES_AGGRESSIVE;
				GCC_WARN_UNUSED_FUNCTION = YES;
				GCC_WARN_UNUSED_VARIABLE = YES;
				IPHONEOS_DEPLOYMENT_TARGET = 8.1;
				MTL_ENABLE_DEBUG_INFO = NO;
				SDKROOT = iphoneos;
				TARGETED_DEVICE_FAMILY = "1,2";
				VALIDATE_PRODUCT = YES;
			};
			name = Release;
		};
		5DB7C8401A114FE60073184B /* Debug */ = {
			isa = XCBuildConfiguration;
			buildSettings = {
				ASSETCATALOG_COMPILER_APPICON_NAME = AppIcon;
				INFOPLIST_FILE = Example/Info.plist;
				LD_RUNPATH_SEARCH_PATHS = "$(inherited) @executable_path/Frameworks";
				PRODUCT_NAME = "$(TARGET_NAME)";
			};
			name = Debug;
		};
		5DB7C8411A114FE60073184B /* Release */ = {
			isa = XCBuildConfiguration;
			buildSettings = {
				ASSETCATALOG_COMPILER_APPICON_NAME = AppIcon;
				INFOPLIST_FILE = Example/Info.plist;
				LD_RUNPATH_SEARCH_PATHS = "$(inherited) @executable_path/Frameworks";
				PRODUCT_NAME = "$(TARGET_NAME)";
			};
			name = Release;
		};
/* End XCBuildConfiguration section */

/* Begin XCConfigurationList section */
		5DB7C81B1A114FE60073184B /* Build configuration list for PBXProject "Example" */ = {
			isa = XCConfigurationList;
			buildConfigurations = (
				5DB7C83D1A114FE60073184B /* Debug */,
				5DB7C83E1A114FE60073184B /* Release */,
			);
			defaultConfigurationIsVisible = 0;
			defaultConfigurationName = Release;
		};
		5DB7C83F1A114FE60073184B /* Build configuration list for PBXNativeTarget "Example" */ = {
			isa = XCConfigurationList;
			buildConfigurations = (
				5DB7C8401A114FE60073184B /* Debug */,
				5DB7C8411A114FE60073184B /* Release */,
			);
			defaultConfigurationIsVisible = 0;
			defaultConfigurationName = Release;
		};
/* End XCConfigurationList section */
	};
	rootObject = 5DB7C8181A114FE60073184B /* Project object */;
}
